
Microsoft Visual Studio Solution File, Format Version 12.00
# Visual Studio Version 17
VisualStudioVersion = 17.10.35013.160
MinimumVisualStudioVersion = 10.0.40219.1
Project("{9A19103F-16F7-4668-BE54-9A1E7A4F7556}") = "TriviaSecurityApi", "TriviaSecurityApi\TriviaSecurityApi.csproj", "{639FA0F4-7536-4140-9018-43C269876052}"
EndProject
Project("{9A19103F-16F7-4668-BE54-9A1E7A4F7556}") = "TriviaContestApi", "TriviaContestApi\TriviaContestApi.csproj", "{8E439C1A-974D-4C58-9CAF-0E38FF00ED3C}"
EndProject
Project("{E53339B2-1760-4266-BCC7-CA923CBCF16C}") = "docker-compose", "docker-compose.dcproj", "{BBCCF9E5-3B9B-4DDC-BFA0-21C93F4CA241}"
EndProject
Project("{2150E333-8FDC-42A3-9474-1A3956D46DE8}") = "Solution Items", "Solution Items", "{30B32ECE-9523-4DFC-A30B-BF50206555B7}"
	ProjectSection(SolutionItems) = preProject
		Analiz.txt = Analiz.txt
	EndProjectSection
EndProject
Global
	GlobalSection(SolutionConfigurationPlatforms) = preSolution
		Debug|Any CPU = Debug|Any CPU
		Release|Any CPU = Release|Any CPU
	EndGlobalSection
	GlobalSection(ProjectConfigurationPlatforms) = postSolution
		{639FA0F4-7536-4140-9018-43C269876052}.Debug|Any CPU.ActiveCfg = Debug|Any CPU
		{639FA0F4-7536-4140-9018-43C269876052}.Debug|Any CPU.Build.0 = Debug|Any CPU
		{639FA0F4-7536-4140-9018-43C269876052}.Release|Any CPU.ActiveCfg = Release|Any CPU
		{639FA0F4-7536-4140-9018-43C269876052}.Release|Any CPU.Build.0 = Release|Any CPU
		{8E439C1A-974D-4C58-9CAF-0E38FF00ED3C}.Debug|Any CPU.ActiveCfg = Debug|Any CPU
		{8E439C1A-974D-4C58-9CAF-0E38FF00ED3C}.Debug|Any CPU.Build.0 = Debug|Any CPU
		{8E439C1A-974D-4C58-9CAF-0E38FF00ED3C}.Release|Any CPU.ActiveCfg = Release|Any CPU
		{8E439C1A-974D-4C58-9CAF-0E38FF00ED3C}.Release|Any CPU.Build.0 = Release|Any CPU
		{BBCCF9E5-3B9B-4DDC-BFA0-21C93F4CA241}.Debug|Any CPU.ActiveCfg = Debug|Any CPU
		{BBCCF9E5-3B9B-4DDC-BFA0-21C93F4CA241}.Debug|Any CPU.Build.0 = Debug|Any CPU
		{BBCCF9E5-3B9B-4DDC-BFA0-21C93F4CA241}.Release|Any CPU.ActiveCfg = Release|Any CPU
		{BBCCF9E5-3B9B-4DDC-BFA0-21C93F4CA241}.Release|Any CPU.Build.0 = Release|Any CPU
	EndGlobalSection
	GlobalSection(SolutionProperties) = preSolution
		HideSolutionNode = FALSE
	EndGlobalSection
	GlobalSection(ExtensibilityGlobals) = postSolution
		SolutionGuid = {B20E6471-8457-4764-A90F-C2E0A77B87EA}
	EndGlobalSection
EndGlobal
